
Microsoft Visual Studio Solution File, Format Version 12.00
# Visual Studio Version 16
VisualStudioVersion = 16.0.32002.261
MinimumVisualStudioVersion = 10.0.40219.1
Project("{FAE04EC0-301F-11D3-BF4B-00C04F79EFBC}") = "AspCoreEve", "AspCoreEve.csproj", "{DD5A969D-2D00-4BD5-8560-6C18B77BEB78}"
EndProject
Global
	GlobalSection(SolutionConfigurationPlatforms) = preSolution
		Debug|Any CPU = Debug|Any CPU
		Release|Any CPU = Release|Any CPU
	EndGlobalSection
	GlobalSection(ProjectConfigurationPlatforms) = postSolution
		{DD5A969D-2D00-4BD5-8560-6C18B77BEB78}.Debug|Any CPU.ActiveCfg = Debug|Any CPU
		{DD5A969D-2D00-4BD5-8560-6C18B77BEB78}.Debug|Any CPU.Build.0 = Debug|Any CPU
		{DD5A969D-2D00-4BD5-8560-6C18B77BEB78}.Release|Any CPU.ActiveCfg = Release|Any CPU
		{DD5A969D-2D00-4BD5-8560-6C18B77BEB78}.Release|Any CPU.Build.0 = Release|Any CPU
	EndGlobalSection
	GlobalSection(SolutionProperties) = preSolution
		HideSolutionNode = FALSE
	EndGlobalSection
	GlobalSection(ExtensibilityGlobals) = postSolution
		SolutionGuid = {C77E5DE9-42E8-48D6-8131-73A89DE85B49}
	EndGlobalSection
EndGlobal
